// !$*UTF8*$!
{
	archiveVersion = 1;
	classes = {
	};
	objectVersion = 55;
	objects = {

/* Begin PBXBuildFile section */
		C70DAAB929CF38B400C2A43D /* AppDelegate.swift in Sources */ = {isa = PBXBuildFile; fileRef = C70DAAB829CF38B400C2A43D /* AppDelegate.swift */; };
		C70DAABB29CF38B500C2A43D /* SceneDelegate.swift in Sources */ = {isa = PBXBuildFile; fileRef = C70DAABA29CF38B500C2A43D /* SceneDelegate.swift */; };
		C70DAAC229CF38B700C2A43D /* Assets.xcassets in Resources */ = {isa = PBXBuildFile; fileRef = C70DAAC129CF38B700C2A43D /* Assets.xcassets */; };
		C70DAAC529CF38B700C2A43D /* LaunchScreen.storyboard in Resources */ = {isa = PBXBuildFile; fileRef = C70DAAC329CF38B700C2A43D /* LaunchScreen.storyboard */; };
		C70DAAD029CF38B700C2A43D /* RMTests.swift in Sources */ = {isa = PBXBuildFile; fileRef = C70DAACF29CF38B700C2A43D /* RMTests.swift */; };
		C70DAADA29CF38B700C2A43D /* RMUITests.swift in Sources */ = {isa = PBXBuildFile; fileRef = C70DAAD929CF38B700C2A43D /* RMUITests.swift */; };
		C70DAADC29CF38B700C2A43D /* RMUITestsLaunchTests.swift in Sources */ = {isa = PBXBuildFile; fileRef = C70DAADB29CF38B700C2A43D /* RMUITestsLaunchTests.swift */; };
		C70DAB0029CF46E000C2A43D /* RMTabController.swift in Sources */ = {isa = PBXBuildFile; fileRef = C70DAAFF29CF46E000C2A43D /* RMTabController.swift */; };
		C70DAB0529CF473000C2A43D /* RMSettingsViewController.swift in Sources */ = {isa = PBXBuildFile; fileRef = C70DAB0129CF473000C2A43D /* RMSettingsViewController.swift */; };
		C70DAB0629CF473000C2A43D /* RMEpisodeViewController.swift in Sources */ = {isa = PBXBuildFile; fileRef = C70DAB0229CF473000C2A43D /* RMEpisodeViewController.swift */; };
		C70DAB0729CF473000C2A43D /* RMLocationViewController.swift in Sources */ = {isa = PBXBuildFile; fileRef = C70DAB0329CF473000C2A43D /* RMLocationViewController.swift */; };
		C70DAB0829CF473000C2A43D /* RMCharacterViewController.swift in Sources */ = {isa = PBXBuildFile; fileRef = C70DAB0429CF473000C2A43D /* RMCharacterViewController.swift */; };
		C70DAB1229CF633500C2A43D /* RMEpisode.swift in Sources */ = {isa = PBXBuildFile; fileRef = C70DAB1129CF633500C2A43D /* RMEpisode.swift */; };
		C70DAB1429CF633C00C2A43D /* RMCharacter.swift in Sources */ = {isa = PBXBuildFile; fileRef = C70DAB1329CF633C00C2A43D /* RMCharacter.swift */; };
		C70DAB1629CF634300C2A43D /* RMLocation.swift in Sources */ = {isa = PBXBuildFile; fileRef = C70DAB1529CF634300C2A43D /* RMLocation.swift */; };
		C70DAB1829CF714100C2A43D /* RMService.swift in Sources */ = {isa = PBXBuildFile; fileRef = C70DAB1729CF714100C2A43D /* RMService.swift */; };
		C70DAB1A29CF716400C2A43D /* RMRequest.swift in Sources */ = {isa = PBXBuildFile; fileRef = C70DAB1929CF716400C2A43D /* RMRequest.swift */; };
		C70DAB1C29CF716C00C2A43D /* RMEndpoint.swift in Sources */ = {isa = PBXBuildFile; fileRef = C70DAB1B29CF716C00C2A43D /* RMEndpoint.swift */; };
		C70DAB1E29CF74E800C2A43D /* RMOrigin.swift in Sources */ = {isa = PBXBuildFile; fileRef = C70DAB1D29CF74E800C2A43D /* RMOrigin.swift */; };
		C70DAB2029CF74F000C2A43D /* RMSingleLocation.swift in Sources */ = {isa = PBXBuildFile; fileRef = C70DAB1F29CF74F000C2A43D /* RMSingleLocation.swift */; };
		C70DAB2229CF74FF00C2A43D /* RMCharacterStatus.swift in Sources */ = {isa = PBXBuildFile; fileRef = C70DAB2129CF74FF00C2A43D /* RMCharacterStatus.swift */; };
		C70DAB2429CF752B00C2A43D /* RMCharacterGender.swift in Sources */ = {isa = PBXBuildFile; fileRef = C70DAB2329CF752B00C2A43D /* RMCharacterGender.swift */; };
		C7EEC22629D0C1FE00F072D4 /* RMGetAllCharactersResponse.swift in Sources */ = {isa = PBXBuildFile; fileRef = C7EEC22529D0C1FE00F072D4 /* RMGetAllCharactersResponse.swift */; };
		C7EEC22829D0CF8900F072D4 /* RMCharacterListViewModel.swift in Sources */ = {isa = PBXBuildFile; fileRef = C7EEC22729D0CF8900F072D4 /* RMCharacterListViewModel.swift */; };
		C7EEC22A29D0CFCF00F072D4 /* CharacterListView.swift in Sources */ = {isa = PBXBuildFile; fileRef = C7EEC22929D0CFCF00F072D4 /* CharacterListView.swift */; };
		C7EEC22C29D0D2FE00F072D4 /* Extensions.swift in Sources */ = {isa = PBXBuildFile; fileRef = C7EEC22B29D0D2FE00F072D4 /* Extensions.swift */; };
/* End PBXBuildFile section */

/* Begin PBXContainerItemProxy section */
		C70DAACC29CF38B700C2A43D /* PBXContainerItemProxy */ = {
			isa = PBXContainerItemProxy;
			containerPortal = C70DAAAD29CF38B400C2A43D /* Project object */;
			proxyType = 1;
			remoteGlobalIDString = C70DAAB429CF38B400C2A43D;
			remoteInfo = RM;
		};
		C70DAAD629CF38B700C2A43D /* PBXContainerItemProxy */ = {
			isa = PBXContainerItemProxy;
			containerPortal = C70DAAAD29CF38B400C2A43D /* Project object */;
			proxyType = 1;
			remoteGlobalIDString = C70DAAB429CF38B400C2A43D;
			remoteInfo = RM;
		};
/* End PBXContainerItemProxy section */

/* Begin PBXFileReference section */
		C70DAAB529CF38B400C2A43D /* RM.app */ = {isa = PBXFileReference; explicitFileType = wrapper.application; includeInIndex = 0; path = RM.app; sourceTree = BUILT_PRODUCTS_DIR; };
		C70DAAB829CF38B400C2A43D /* AppDelegate.swift */ = {isa = PBXFileReference; lastKnownFileType = sourcecode.swift; path = AppDelegate.swift; sourceTree = "<group>"; };
		C70DAABA29CF38B500C2A43D /* SceneDelegate.swift */ = {isa = PBXFileReference; lastKnownFileType = sourcecode.swift; path = SceneDelegate.swift; sourceTree = "<group>"; };
		C70DAAC129CF38B700C2A43D /* Assets.xcassets */ = {isa = PBXFileReference; lastKnownFileType = folder.assetcatalog; path = Assets.xcassets; sourceTree = "<group>"; };
		C70DAAC429CF38B700C2A43D /* Base */ = {isa = PBXFileReference; lastKnownFileType = file.storyboard; name = Base; path = Base.lproj/LaunchScreen.storyboard; sourceTree = "<group>"; };
		C70DAAC629CF38B700C2A43D /* Info.plist */ = {isa = PBXFileReference; lastKnownFileType = text.plist.xml; path = Info.plist; sourceTree = "<group>"; };
		C70DAACB29CF38B700C2A43D /* RMTests.xctest */ = {isa = PBXFileReference; explicitFileType = wrapper.cfbundle; includeInIndex = 0; path = RMTests.xctest; sourceTree = BUILT_PRODUCTS_DIR; };
		C70DAACF29CF38B700C2A43D /* RMTests.swift */ = {isa = PBXFileReference; lastKnownFileType = sourcecode.swift; path = RMTests.swift; sourceTree = "<group>"; };
		C70DAAD529CF38B700C2A43D /* RMUITests.xctest */ = {isa = PBXFileReference; explicitFileType = wrapper.cfbundle; includeInIndex = 0; path = RMUITests.xctest; sourceTree = BUILT_PRODUCTS_DIR; };
		C70DAAD929CF38B700C2A43D /* RMUITests.swift */ = {isa = PBXFileReference; lastKnownFileType = sourcecode.swift; path = RMUITests.swift; sourceTree = "<group>"; };
		C70DAADB29CF38B700C2A43D /* RMUITestsLaunchTests.swift */ = {isa = PBXFileReference; lastKnownFileType = sourcecode.swift; path = RMUITestsLaunchTests.swift; sourceTree = "<group>"; };
		C70DAAFF29CF46E000C2A43D /* RMTabController.swift */ = {isa = PBXFileReference; fileEncoding = 4; lastKnownFileType = sourcecode.swift; path = RMTabController.swift; sourceTree = "<group>"; };
		C70DAB0129CF473000C2A43D /* RMSettingsViewController.swift */ = {isa = PBXFileReference; fileEncoding = 4; lastKnownFileType = sourcecode.swift; path = RMSettingsViewController.swift; sourceTree = "<group>"; };
		C70DAB0229CF473000C2A43D /* RMEpisodeViewController.swift */ = {isa = PBXFileReference; fileEncoding = 4; lastKnownFileType = sourcecode.swift; path = RMEpisodeViewController.swift; sourceTree = "<group>"; };
		C70DAB0329CF473000C2A43D /* RMLocationViewController.swift */ = {isa = PBXFileReference; fileEncoding = 4; lastKnownFileType = sourcecode.swift; path = RMLocationViewController.swift; sourceTree = "<group>"; };
		C70DAB0429CF473000C2A43D /* RMCharacterViewController.swift */ = {isa = PBXFileReference; fileEncoding = 4; lastKnownFileType = sourcecode.swift; path = RMCharacterViewController.swift; sourceTree = "<group>"; };
		C70DAB1129CF633500C2A43D /* RMEpisode.swift */ = {isa = PBXFileReference; lastKnownFileType = sourcecode.swift; path = RMEpisode.swift; sourceTree = "<group>"; };
		C70DAB1329CF633C00C2A43D /* RMCharacter.swift */ = {isa = PBXFileReference; lastKnownFileType = sourcecode.swift; path = RMCharacter.swift; sourceTree = "<group>"; };
		C70DAB1529CF634300C2A43D /* RMLocation.swift */ = {isa = PBXFileReference; lastKnownFileType = sourcecode.swift; path = RMLocation.swift; sourceTree = "<group>"; };
		C70DAB1729CF714100C2A43D /* RMService.swift */ = {isa = PBXFileReference; lastKnownFileType = sourcecode.swift; path = RMService.swift; sourceTree = "<group>"; };
		C70DAB1929CF716400C2A43D /* RMRequest.swift */ = {isa = PBXFileReference; lastKnownFileType = sourcecode.swift; path = RMRequest.swift; sourceTree = "<group>"; };
		C70DAB1B29CF716C00C2A43D /* RMEndpoint.swift */ = {isa = PBXFileReference; lastKnownFileType = sourcecode.swift; path = RMEndpoint.swift; sourceTree = "<group>"; };
		C70DAB1D29CF74E800C2A43D /* RMOrigin.swift */ = {isa = PBXFileReference; lastKnownFileType = sourcecode.swift; path = RMOrigin.swift; sourceTree = "<group>"; };
		C70DAB1F29CF74F000C2A43D /* RMSingleLocation.swift */ = {isa = PBXFileReference; lastKnownFileType = sourcecode.swift; path = RMSingleLocation.swift; sourceTree = "<group>"; };
		C70DAB2129CF74FF00C2A43D /* RMCharacterStatus.swift */ = {isa = PBXFileReference; lastKnownFileType = sourcecode.swift; path = RMCharacterStatus.swift; sourceTree = "<group>"; };
		C70DAB2329CF752B00C2A43D /* RMCharacterGender.swift */ = {isa = PBXFileReference; lastKnownFileType = sourcecode.swift; path = RMCharacterGender.swift; sourceTree = "<group>"; };
		C7EEC22529D0C1FE00F072D4 /* RMGetAllCharactersResponse.swift */ = {isa = PBXFileReference; lastKnownFileType = sourcecode.swift; path = RMGetAllCharactersResponse.swift; sourceTree = "<group>"; };
		C7EEC22729D0CF8900F072D4 /* RMCharacterListViewModel.swift */ = {isa = PBXFileReference; lastKnownFileType = sourcecode.swift; path = RMCharacterListViewModel.swift; sourceTree = "<group>"; };
		C7EEC22929D0CFCF00F072D4 /* CharacterListView.swift */ = {isa = PBXFileReference; lastKnownFileType = sourcecode.swift; path = CharacterListView.swift; sourceTree = "<group>"; };
		C7EEC22B29D0D2FE00F072D4 /* Extensions.swift */ = {isa = PBXFileReference; lastKnownFileType = sourcecode.swift; path = Extensions.swift; sourceTree = "<group>"; };
/* End PBXFileReference section */

/* Begin PBXFrameworksBuildPhase section */
		C70DAAB229CF38B400C2A43D /* Frameworks */ = {
			isa = PBXFrameworksBuildPhase;
			buildActionMask = 2147483647;
			files = (
			);
			runOnlyForDeploymentPostprocessing = 0;
		};
		C70DAAC829CF38B700C2A43D /* Frameworks */ = {
			isa = PBXFrameworksBuildPhase;
			buildActionMask = 2147483647;
			files = (
			);
			runOnlyForDeploymentPostprocessing = 0;
		};
		C70DAAD229CF38B700C2A43D /* Frameworks */ = {
			isa = PBXFrameworksBuildPhase;
			buildActionMask = 2147483647;
			files = (
			);
			runOnlyForDeploymentPostprocessing = 0;
		};
/* End PBXFrameworksBuildPhase section */

/* Begin PBXGroup section */
		C70DAAAC29CF38B400C2A43D = {
			isa = PBXGroup;
			children = (
				C70DAAB729CF38B400C2A43D /* RM */,
				C70DAACE29CF38B700C2A43D /* RMTests */,
				C70DAAD829CF38B700C2A43D /* RMUITests */,
				C70DAAB629CF38B400C2A43D /* Products */,
			);
			sourceTree = "<group>";
		};
		C70DAAB629CF38B400C2A43D /* Products */ = {
			isa = PBXGroup;
			children = (
				C70DAAB529CF38B400C2A43D /* RM.app */,
				C70DAACB29CF38B700C2A43D /* RMTests.xctest */,
				C70DAAD529CF38B700C2A43D /* RMUITests.xctest */,
			);
			name = Products;
			sourceTree = "<group>";
		};
		C70DAAB729CF38B400C2A43D /* RM */ = {
			isa = PBXGroup;
			children = (
				C70DAB0E29CF628200C2A43D /* Resources */,
				C70DAB0B29CF621400C2A43D /* Managers */,
				C70DAB0C29CF625800C2A43D /* APIClient */,
				C70DAB0F29CF628C00C2A43D /* ViewModels */,
				C70DAB0A29CF620400C2A43D /* Views */,
				C70DAB0D29CF626D00C2A43D /* Models */,
				C70DAB0929CF61FB00C2A43D /* Controllers */,
				C70DAAC629CF38B700C2A43D /* Info.plist */,
			);
			path = RM;
			sourceTree = "<group>";
		};
		C70DAACE29CF38B700C2A43D /* RMTests */ = {
			isa = PBXGroup;
			children = (
				C70DAACF29CF38B700C2A43D /* RMTests.swift */,
			);
			path = RMTests;
			sourceTree = "<group>";
		};
		C70DAAD829CF38B700C2A43D /* RMUITests */ = {
			isa = PBXGroup;
			children = (
				C70DAAD929CF38B700C2A43D /* RMUITests.swift */,
				C70DAADB29CF38B700C2A43D /* RMUITestsLaunchTests.swift */,
			);
			path = RMUITests;
			sourceTree = "<group>";
		};
		C70DAB0929CF61FB00C2A43D /* Controllers */ = {
			isa = PBXGroup;
			children = (
				C70DAB1029CF632400C2A43D /* Core */,
			);
			path = Controllers;
			sourceTree = "<group>";
		};
		C70DAB0A29CF620400C2A43D /* Views */ = {
			isa = PBXGroup;
			children = (
				C7EEC22929D0CFCF00F072D4 /* CharacterListView.swift */,
			);
			name = Views;
			path = Controllers/Views;
			sourceTree = "<group>";
		};
		C70DAB0B29CF621400C2A43D /* Managers */ = {
			isa = PBXGroup;
			children = (
			);
			path = Managers;
			sourceTree = "<group>";
		};
		C70DAB0C29CF625800C2A43D /* APIClient */ = {
			isa = PBXGroup;
			children = (
				C70DAB1729CF714100C2A43D /* RMService.swift */,
				C70DAB1929CF716400C2A43D /* RMRequest.swift */,
				C70DAB1B29CF716C00C2A43D /* RMEndpoint.swift */,
			);
			path = APIClient;
			sourceTree = "<group>";
		};
		C70DAB0D29CF626D00C2A43D /* Models */ = {
			isa = PBXGroup;
			children = (
				C7EEC22429D0C1CD00F072D4 /* APIResponseTypes */,
				C7EEC22329D0C17F00F072D4 /* DataTypes */,
			);
			path = Models;
			sourceTree = "<group>";
		};
		C70DAB0E29CF628200C2A43D /* Resources */ = {
			isa = PBXGroup;
			children = (
				C70DAAB829CF38B400C2A43D /* AppDelegate.swift */,
				C70DAABA29CF38B500C2A43D /* SceneDelegate.swift */,
				C70DAAC129CF38B700C2A43D /* Assets.xcassets */,
				C70DAAC329CF38B700C2A43D /* LaunchScreen.storyboard */,
				C7EEC22B29D0D2FE00F072D4 /* Extensions.swift */,
			);
			path = Resources;
			sourceTree = "<group>";
		};
		C70DAB0F29CF628C00C2A43D /* ViewModels */ = {
			isa = PBXGroup;
			children = (
				C7EEC22729D0CF8900F072D4 /* RMCharacterListViewModel.swift */,
			);
			name = ViewModels;
			path = Controllers/Views/ViewModels;
			sourceTree = "<group>";
		};
		C70DAB1029CF632400C2A43D /* Core */ = {
			isa = PBXGroup;
			children = (
				C70DAB0429CF473000C2A43D /* RMCharacterViewController.swift */,
				C70DAB0229CF473000C2A43D /* RMEpisodeViewController.swift */,
				C70DAB0329CF473000C2A43D /* RMLocationViewController.swift */,
				C70DAB0129CF473000C2A43D /* RMSettingsViewController.swift */,
				C70DAAFF29CF46E000C2A43D /* RMTabController.swift */,
			);
			path = Core;
			sourceTree = "<group>";
		};
		C7EEC22329D0C17F00F072D4 /* DataTypes */ = {
			isa = PBXGroup;
			children = (
				C70DAB1529CF634300C2A43D /* RMLocation.swift */,
				C70DAB1329CF633C00C2A43D /* RMCharacter.swift */,
				C70DAB1129CF633500C2A43D /* RMEpisode.swift */,
				C70DAB1D29CF74E800C2A43D /* RMOrigin.swift */,
				C70DAB1F29CF74F000C2A43D /* RMSingleLocation.swift */,
				C70DAB2129CF74FF00C2A43D /* RMCharacterStatus.swift */,
				C70DAB2329CF752B00C2A43D /* RMCharacterGender.swift */,
			);
			path = DataTypes;
			sourceTree = "<group>";
		};
		C7EEC22429D0C1CD00F072D4 /* APIResponseTypes */ = {
			isa = PBXGroup;
			children = (
				C7EEC22529D0C1FE00F072D4 /* RMGetAllCharactersResponse.swift */,
			);
			path = APIResponseTypes;
			sourceTree = "<group>";
		};
/* End PBXGroup section */

/* Begin PBXNativeTarget section */
		C70DAAB429CF38B400C2A43D /* RM */ = {
			isa = PBXNativeTarget;
			buildConfigurationList = C70DAADF29CF38B700C2A43D /* Build configuration list for PBXNativeTarget "RM" */;
			buildPhases = (
				C70DAAB129CF38B400C2A43D /* Sources */,
				C70DAAB229CF38B400C2A43D /* Frameworks */,
				C70DAAB329CF38B400C2A43D /* Resources */,
			);
			buildRules = (
			);
			dependencies = (
			);
			name = RM;
			productName = RM;
			productReference = C70DAAB529CF38B400C2A43D /* RM.app */;
			productType = "com.apple.product-type.application";
		};
		C70DAACA29CF38B700C2A43D /* RMTests */ = {
			isa = PBXNativeTarget;
			buildConfigurationList = C70DAAE229CF38B700C2A43D /* Build configuration list for PBXNativeTarget "RMTests" */;
			buildPhases = (
				C70DAAC729CF38B700C2A43D /* Sources */,
				C70DAAC829CF38B700C2A43D /* Frameworks */,
				C70DAAC929CF38B700C2A43D /* Resources */,
			);
			buildRules = (
			);
			dependencies = (
				C70DAACD29CF38B700C2A43D /* PBXTargetDependency */,
			);
			name = RMTests;
			productName = RMTests;
			productReference = C70DAACB29CF38B700C2A43D /* RMTests.xctest */;
			productType = "com.apple.product-type.bundle.unit-test";
		};
		C70DAAD429CF38B700C2A43D /* RMUITests */ = {
			isa = PBXNativeTarget;
			buildConfigurationList = C70DAAE529CF38B700C2A43D /* Build configuration list for PBXNativeTarget "RMUITests" */;
			buildPhases = (
				C70DAAD129CF38B700C2A43D /* Sources */,
				C70DAAD229CF38B700C2A43D /* Frameworks */,
				C70DAAD329CF38B700C2A43D /* Resources */,
			);
			buildRules = (
			);
			dependencies = (
				C70DAAD729CF38B700C2A43D /* PBXTargetDependency */,
			);
			name = RMUITests;
			productName = RMUITests;
			productReference = C70DAAD529CF38B700C2A43D /* RMUITests.xctest */;
			productType = "com.apple.product-type.bundle.ui-testing";
		};
/* End PBXNativeTarget section */

/* Begin PBXProject section */
		C70DAAAD29CF38B400C2A43D /* Project object */ = {
			isa = PBXProject;
			attributes = {
				BuildIndependentTargetsInParallel = 1;
				LastSwiftUpdateCheck = 1340;
				LastUpgradeCheck = 1340;
				TargetAttributes = {
					C70DAAB429CF38B400C2A43D = {
						CreatedOnToolsVersion = 13.4;
					};
					C70DAACA29CF38B700C2A43D = {
						CreatedOnToolsVersion = 13.4;
						TestTargetID = C70DAAB429CF38B400C2A43D;
					};
					C70DAAD429CF38B700C2A43D = {
						CreatedOnToolsVersion = 13.4;
						TestTargetID = C70DAAB429CF38B400C2A43D;
					};
				};
			};
			buildConfigurationList = C70DAAB029CF38B400C2A43D /* Build configuration list for PBXProject "RM" */;
			compatibilityVersion = "Xcode 13.0";
			developmentRegion = en;
			hasScannedForEncodings = 0;
			knownRegions = (
				en,
				Base,
			);
			mainGroup = C70DAAAC29CF38B400C2A43D;
			productRefGroup = C70DAAB629CF38B400C2A43D /* Products */;
			projectDirPath = "";
			projectRoot = "";
			targets = (
				C70DAAB429CF38B400C2A43D /* RM */,
				C70DAACA29CF38B700C2A43D /* RMTests */,
				C70DAAD429CF38B700C2A43D /* RMUITests */,
			);
		};
/* End PBXProject section */

/* Begin PBXResourcesBuildPhase section */
		C70DAAB329CF38B400C2A43D /* Resources */ = {
			isa = PBXResourcesBuildPhase;
			buildActionMask = 2147483647;
			files = (
				C70DAAC529CF38B700C2A43D /* LaunchScreen.storyboard in Resources */,
				C70DAAC229CF38B700C2A43D /* Assets.xcassets in Resources */,
			);
			runOnlyForDeploymentPostprocessing = 0;
		};
		C70DAAC929CF38B700C2A43D /* Resources */ = {
			isa = PBXResourcesBuildPhase;
			buildActionMask = 2147483647;
			files = (
			);
			runOnlyForDeploymentPostprocessing = 0;
		};
		C70DAAD329CF38B700C2A43D /* Resources */ = {
			isa = PBXResourcesBuildPhase;
			buildActionMask = 2147483647;
			files = (
			);
			runOnlyForDeploymentPostprocessing = 0;
		};
/* End PBXResourcesBuildPhase section */

/* Begin PBXSourcesBuildPhase section */
		C70DAAB129CF38B400C2A43D /* Sources */ = {
			isa = PBXSourcesBuildPhase;
			buildActionMask = 2147483647;
			files = (
				C70DAB1E29CF74E800C2A43D /* RMOrigin.swift in Sources */,
				C70DAB2029CF74F000C2A43D /* RMSingleLocation.swift in Sources */,
				C7EEC22A29D0CFCF00F072D4 /* CharacterListView.swift in Sources */,
				C7EEC22629D0C1FE00F072D4 /* RMGetAllCharactersResponse.swift in Sources */,
				C70DAB2229CF74FF00C2A43D /* RMCharacterStatus.swift in Sources */,
				C70DAB2429CF752B00C2A43D /* RMCharacterGender.swift in Sources */,
				C70DAB0529CF473000C2A43D /* RMSettingsViewController.swift in Sources */,
				C70DAAB929CF38B400C2A43D /* AppDelegate.swift in Sources */,
				C70DAB1229CF633500C2A43D /* RMEpisode.swift in Sources */,
				C70DAB0729CF473000C2A43D /* RMLocationViewController.swift in Sources */,
				C70DAB0629CF473000C2A43D /* RMEpisodeViewController.swift in Sources */,
				C70DAB0829CF473000C2A43D /* RMCharacterViewController.swift in Sources */,
				C70DAB1429CF633C00C2A43D /* RMCharacter.swift in Sources */,
				C7EEC22C29D0D2FE00F072D4 /* Extensions.swift in Sources */,
				C70DAB1829CF714100C2A43D /* RMService.swift in Sources */,
				C70DAB1629CF634300C2A43D /* RMLocation.swift in Sources */,
				C70DAB1C29CF716C00C2A43D /* RMEndpoint.swift in Sources */,
				C70DAB0029CF46E000C2A43D /* RMTabController.swift in Sources */,
				C70DAB1A29CF716400C2A43D /* RMRequest.swift in Sources */,
				C7EEC22829D0CF8900F072D4 /* RMCharacterListViewModel.swift in Sources */,
				C70DAABB29CF38B500C2A43D /* SceneDelegate.swift in Sources */,
			);
			runOnlyForDeploymentPostprocessing = 0;
		};
		C70DAAC729CF38B700C2A43D /* Sources */ = {
			isa = PBXSourcesBuildPhase;
			buildActionMask = 2147483647;
			files = (
				C70DAAD029CF38B700C2A43D /* RMTests.swift in Sources */,
			);
			runOnlyForDeploymentPostprocessing = 0;
		};
		C70DAAD129CF38B700C2A43D /* Sources */ = {
			isa = PBXSourcesBuildPhase;
			buildActionMask = 2147483647;
			files = (
				C70DAADA29CF38B700C2A43D /* RMUITests.swift in Sources */,
				C70DAADC29CF38B700C2A43D /* RMUITestsLaunchTests.swift in Sources */,
			);
			runOnlyForDeploymentPostprocessing = 0;
		};
/* End PBXSourcesBuildPhase section */

/* Begin PBXTargetDependency section */
		C70DAACD29CF38B700C2A43D /* PBXTargetDependency */ = {
			isa = PBXTargetDependency;
			target = C70DAAB429CF38B400C2A43D /* RM */;
			targetProxy = C70DAACC29CF38B700C2A43D /* PBXContainerItemProxy */;
		};
		C70DAAD729CF38B700C2A43D /* PBXTargetDependency */ = {
			isa = PBXTargetDependency;
			target = C70DAAB429CF38B400C2A43D /* RM */;
			targetProxy = C70DAAD629CF38B700C2A43D /* PBXContainerItemProxy */;
		};
/* End PBXTargetDependency section */

/* Begin PBXVariantGroup section */
		C70DAAC329CF38B700C2A43D /* LaunchScreen.storyboard */ = {
			isa = PBXVariantGroup;
			children = (
				C70DAAC429CF38B700C2A43D /* Base */,
			);
			name = LaunchScreen.storyboard;
			sourceTree = "<group>";
		};
/* End PBXVariantGroup section */

/* Begin XCBuildConfiguration section */
		C70DAADD29CF38B700C2A43D /* Debug */ = {
			isa = XCBuildConfiguration;
			buildSettings = {
				ALWAYS_SEARCH_USER_PATHS = NO;
				CLANG_ANALYZER_NONNULL = YES;
				CLANG_ANALYZER_NUMBER_OBJECT_CONVERSION = YES_AGGRESSIVE;
				CLANG_CXX_LANGUAGE_STANDARD = "gnu++17";
				CLANG_ENABLE_MODULES = YES;
				CLANG_ENABLE_OBJC_ARC = YES;
				CLANG_ENABLE_OBJC_WEAK = YES;
				CLANG_WARN_BLOCK_CAPTURE_AUTORELEASING = YES;
				CLANG_WARN_BOOL_CONVERSION = YES;
				CLANG_WARN_COMMA = YES;
				CLANG_WARN_CONSTANT_CONVERSION = YES;
				CLANG_WARN_DEPRECATED_OBJC_IMPLEMENTATIONS = YES;
				CLANG_WARN_DIRECT_OBJC_ISA_USAGE = YES_ERROR;
				CLANG_WARN_DOCUMENTATION_COMMENTS = YES;
				CLANG_WARN_EMPTY_BODY = YES;
				CLANG_WARN_ENUM_CONVERSION = YES;
				CLANG_WARN_INFINITE_RECURSION = YES;
				CLANG_WARN_INT_CONVERSION = YES;
				CLANG_WARN_NON_LITERAL_NULL_CONVERSION = YES;
				CLANG_WARN_OBJC_IMPLICIT_RETAIN_SELF = YES;
				CLANG_WARN_OBJC_LITERAL_CONVERSION = YES;
				CLANG_WARN_OBJC_ROOT_CLASS = YES_ERROR;
				CLANG_WARN_QUOTED_INCLUDE_IN_FRAMEWORK_HEADER = YES;
				CLANG_WARN_RANGE_LOOP_ANALYSIS = YES;
				CLANG_WARN_STRICT_PROTOTYPES = YES;
				CLANG_WARN_SUSPICIOUS_MOVE = YES;
				CLANG_WARN_UNGUARDED_AVAILABILITY = YES_AGGRESSIVE;
				CLANG_WARN_UNREACHABLE_CODE = YES;
				CLANG_WARN__DUPLICATE_METHOD_MATCH = YES;
				COPY_PHASE_STRIP = NO;
				DEBUG_INFORMATION_FORMAT = dwarf;
				ENABLE_STRICT_OBJC_MSGSEND = YES;
				ENABLE_TESTABILITY = YES;
				GCC_C_LANGUAGE_STANDARD = gnu11;
				GCC_DYNAMIC_NO_PIC = NO;
				GCC_NO_COMMON_BLOCKS = YES;
				GCC_OPTIMIZATION_LEVEL = 0;
				GCC_PREPROCESSOR_DEFINITIONS = (
					"DEBUG=1",
					"$(inherited)",
				);
				GCC_WARN_64_TO_32_BIT_CONVERSION = YES;
				GCC_WARN_ABOUT_RETURN_TYPE = YES_ERROR;
				GCC_WARN_UNDECLARED_SELECTOR = YES;
				GCC_WARN_UNINITIALIZED_AUTOS = YES_AGGRESSIVE;
				GCC_WARN_UNUSED_FUNCTION = YES;
				GCC_WARN_UNUSED_VARIABLE = YES;
				IPHONEOS_DEPLOYMENT_TARGET = 15.5;
				MTL_ENABLE_DEBUG_INFO = INCLUDE_SOURCE;
				MTL_FAST_MATH = YES;
				ONLY_ACTIVE_ARCH = YES;
				SDKROOT = iphoneos;
				SWIFT_ACTIVE_COMPILATION_CONDITIONS = DEBUG;
				SWIFT_OPTIMIZATION_LEVEL = "-Onone";
			};
			name = Debug;
		};
		C70DAADE29CF38B700C2A43D /* Release */ = {
			isa = XCBuildConfiguration;
			buildSettings = {
				ALWAYS_SEARCH_USER_PATHS = NO;
				CLANG_ANALYZER_NONNULL = YES;
				CLANG_ANALYZER_NUMBER_OBJECT_CONVERSION = YES_AGGRESSIVE;
				CLANG_CXX_LANGUAGE_STANDARD = "gnu++17";
				CLANG_ENABLE_MODULES = YES;
				CLANG_ENABLE_OBJC_ARC = YES;
				CLANG_ENABLE_OBJC_WEAK = YES;
				CLANG_WARN_BLOCK_CAPTURE_AUTORELEASING = YES;
				CLANG_WARN_BOOL_CONVERSION = YES;
				CLANG_WARN_COMMA = YES;
				CLANG_WARN_CONSTANT_CONVERSION = YES;
				CLANG_WARN_DEPRECATED_OBJC_IMPLEMENTATIONS = YES;
				CLANG_WARN_DIRECT_OBJC_ISA_USAGE = YES_ERROR;
				CLANG_WARN_DOCUMENTATION_COMMENTS = YES;
				CLANG_WARN_EMPTY_BODY = YES;
				CLANG_WARN_ENUM_CONVERSION = YES;
				CLANG_WARN_INFINITE_RECURSION = YES;
				CLANG_WARN_INT_CONVERSION = YES;
				CLANG_WARN_NON_LITERAL_NULL_CONVERSION = YES;
				CLANG_WARN_OBJC_IMPLICIT_RETAIN_SELF = YES;
				CLANG_WARN_OBJC_LITERAL_CONVERSION = YES;
				CLANG_WARN_OBJC_ROOT_CLASS = YES_ERROR;
				CLANG_WARN_QUOTED_INCLUDE_IN_FRAMEWORK_HEADER = YES;
				CLANG_WARN_RANGE_LOOP_ANALYSIS = YES;
				CLANG_WARN_STRICT_PROTOTYPES = YES;
				CLANG_WARN_SUSPICIOUS_MOVE = YES;
				CLANG_WARN_UNGUARDED_AVAILABILITY = YES_AGGRESSIVE;
				CLANG_WARN_UNREACHABLE_CODE = YES;
				CLANG_WARN__DUPLICATE_METHOD_MATCH = YES;
				COPY_PHASE_STRIP = NO;
				DEBUG_INFORMATION_FORMAT = "dwarf-with-dsym";
				ENABLE_NS_ASSERTIONS = NO;
				ENABLE_STRICT_OBJC_MSGSEND = YES;
				GCC_C_LANGUAGE_STANDARD = gnu11;
				GCC_NO_COMMON_BLOCKS = YES;
				GCC_WARN_64_TO_32_BIT_CONVERSION = YES;
				GCC_WARN_ABOUT_RETURN_TYPE = YES_ERROR;
				GCC_WARN_UNDECLARED_SELECTOR = YES;
				GCC_WARN_UNINITIALIZED_AUTOS = YES_AGGRESSIVE;
				GCC_WARN_UNUSED_FUNCTION = YES;
				GCC_WARN_UNUSED_VARIABLE = YES;
				IPHONEOS_DEPLOYMENT_TARGET = 15.5;
				MTL_ENABLE_DEBUG_INFO = NO;
				MTL_FAST_MATH = YES;
				SDKROOT = iphoneos;
				SWIFT_COMPILATION_MODE = wholemodule;
				SWIFT_OPTIMIZATION_LEVEL = "-O";
				VALIDATE_PRODUCT = YES;
			};
			name = Release;
		};
		C70DAAE029CF38B700C2A43D /* Debug */ = {
			isa = XCBuildConfiguration;
			buildSettings = {
				ASSETCATALOG_COMPILER_APPICON_NAME = AppIcon;
				ASSETCATALOG_COMPILER_GLOBAL_ACCENT_COLOR_NAME = AccentColor;
				CODE_SIGN_STYLE = Automatic;
				CURRENT_PROJECT_VERSION = 1;
				DEVELOPMENT_TEAM = 7YXV5KMMJM;
				GENERATE_INFOPLIST_FILE = YES;
				INFOPLIST_FILE = RM/Info.plist;
				INFOPLIST_KEY_UIApplicationSupportsIndirectInputEvents = YES;
				INFOPLIST_KEY_UILaunchStoryboardName = LaunchScreen;
				INFOPLIST_KEY_UISupportedInterfaceOrientations_iPad = "UIInterfaceOrientationPortrait UIInterfaceOrientationPortraitUpsideDown UIInterfaceOrientationLandscapeLeft UIInterfaceOrientationLandscapeRight";
				INFOPLIST_KEY_UISupportedInterfaceOrientations_iPhone = "UIInterfaceOrientationPortrait UIInterfaceOrientationLandscapeLeft UIInterfaceOrientationLandscapeRight";
				LD_RUNPATH_SEARCH_PATHS = (
					"$(inherited)",
					"@executable_path/Frameworks",
				);
				MARKETING_VERSION = 1.0;
				PRODUCT_BUNDLE_IDENTIFIER = com.TheWing.RM;
				PRODUCT_NAME = "$(TARGET_NAME)";
				SWIFT_EMIT_LOC_STRINGS = YES;
				SWIFT_VERSION = 5.0;
				TARGETED_DEVICE_FAMILY = "1,2";
			};
			name = Debug;
		};
		C70DAAE129CF38B700C2A43D /* Release */ = {
			isa = XCBuildConfiguration;
			buildSettings = {
				ASSETCATALOG_COMPILER_APPICON_NAME = AppIcon;
				ASSETCATALOG_COMPILER_GLOBAL_ACCENT_COLOR_NAME = AccentColor;
				CODE_SIGN_STYLE = Automatic;
				CURRENT_PROJECT_VERSION = 1;
				DEVELOPMENT_TEAM = 7YXV5KMMJM;
				GENERATE_INFOPLIST_FILE = YES;
				INFOPLIST_FILE = RM/Info.plist;
				INFOPLIST_KEY_UIApplicationSupportsIndirectInputEvents = YES;
				INFOPLIST_KEY_UILaunchStoryboardName = LaunchScreen;
				INFOPLIST_KEY_UISupportedInterfaceOrientations_iPad = "UIInterfaceOrientationPortrait UIInterfaceOrientationPortraitUpsideDown UIInterfaceOrientationLandscapeLeft UIInterfaceOrientationLandscapeRight";
				INFOPLIST_KEY_UISupportedInterfaceOrientations_iPhone = "UIInterfaceOrientationPortrait UIInterfaceOrientationLandscapeLeft UIInterfaceOrientationLandscapeRight";
				LD_RUNPATH_SEARCH_PATHS = (
					"$(inherited)",
					"@executable_path/Frameworks",
				);
				MARKETING_VERSION = 1.0;
				PRODUCT_BUNDLE_IDENTIFIER = com.TheWing.RM;
				PRODUCT_NAME = "$(TARGET_NAME)";
				SWIFT_EMIT_LOC_STRINGS = YES;
				SWIFT_VERSION = 5.0;
				TARGETED_DEVICE_FAMILY = "1,2";
			};
			name = Release;
		};
		C70DAAE329CF38B700C2A43D /* Debug */ = {
			isa = XCBuildConfiguration;
			buildSettings = {
				ALWAYS_EMBED_SWIFT_STANDARD_LIBRARIES = YES;
				BUNDLE_LOADER = "$(TEST_HOST)";
				CODE_SIGN_STYLE = Automatic;
				CURRENT_PROJECT_VERSION = 1;
				DEVELOPMENT_TEAM = 7YXV5KMMJM;
				GENERATE_INFOPLIST_FILE = YES;
				IPHONEOS_DEPLOYMENT_TARGET = 15.5;
				MARKETING_VERSION = 1.0;
				PRODUCT_BUNDLE_IDENTIFIER = com.TheWing.RMTests;
				PRODUCT_NAME = "$(TARGET_NAME)";
				SWIFT_EMIT_LOC_STRINGS = NO;
				SWIFT_VERSION = 5.0;
				TARGETED_DEVICE_FAMILY = "1,2";
				TEST_HOST = "$(BUILT_PRODUCTS_DIR)/RM.app/RM";
			};
			name = Debug;
		};
		C70DAAE429CF38B700C2A43D /* Release */ = {
			isa = XCBuildConfiguration;
			buildSettings = {
				ALWAYS_EMBED_SWIFT_STANDARD_LIBRARIES = YES;
				BUNDLE_LOADER = "$(TEST_HOST)";
				CODE_SIGN_STYLE = Automatic;
				CURRENT_PROJECT_VERSION = 1;
				DEVELOPMENT_TEAM = 7YXV5KMMJM;
				GENERATE_INFOPLIST_FILE = YES;
				IPHONEOS_DEPLOYMENT_TARGET = 15.5;
				MARKETING_VERSION = 1.0;
				PRODUCT_BUNDLE_IDENTIFIER = com.TheWing.RMTests;
				PRODUCT_NAME = "$(TARGET_NAME)";
				SWIFT_EMIT_LOC_STRINGS = NO;
				SWIFT_VERSION = 5.0;
				TARGETED_DEVICE_FAMILY = "1,2";
				TEST_HOST = "$(BUILT_PRODUCTS_DIR)/RM.app/RM";
			};
			name = Release;
		};
		C70DAAE629CF38B700C2A43D /* Debug */ = {
			isa = XCBuildConfiguration;
			buildSettings = {
				ALWAYS_EMBED_SWIFT_STANDARD_LIBRARIES = YES;
				CODE_SIGN_STYLE = Automatic;
				CURRENT_PROJECT_VERSION = 1;
				DEVELOPMENT_TEAM = 7YXV5KMMJM;
				GENERATE_INFOPLIST_FILE = YES;
				MARKETING_VERSION = 1.0;
				PRODUCT_BUNDLE_IDENTIFIER = com.TheWing.RMUITests;
				PRODUCT_NAME = "$(TARGET_NAME)";
				SWIFT_EMIT_LOC_STRINGS = NO;
				SWIFT_VERSION = 5.0;
				TARGETED_DEVICE_FAMILY = "1,2";
				TEST_TARGET_NAME = RM;
			};
			name = Debug;
		};
		C70DAAE729CF38B700C2A43D /* Release */ = {
			isa = XCBuildConfiguration;
			buildSettings = {
				ALWAYS_EMBED_SWIFT_STANDARD_LIBRARIES = YES;
				CODE_SIGN_STYLE = Automatic;
				CURRENT_PROJECT_VERSION = 1;
				DEVELOPMENT_TEAM = 7YXV5KMMJM;
				GENERATE_INFOPLIST_FILE = YES;
				MARKETING_VERSION = 1.0;
				PRODUCT_BUNDLE_IDENTIFIER = com.TheWing.RMUITests;
				PRODUCT_NAME = "$(TARGET_NAME)";
				SWIFT_EMIT_LOC_STRINGS = NO;
				SWIFT_VERSION = 5.0;
				TARGETED_DEVICE_FAMILY = "1,2";
				TEST_TARGET_NAME = RM;
			};
			name = Release;
		};
/* End XCBuildConfiguration section */

/* Begin XCConfigurationList section */
		C70DAAB029CF38B400C2A43D /* Build configuration list for PBXProject "RM" */ = {
			isa = XCConfigurationList;
			buildConfigurations = (
				C70DAADD29CF38B700C2A43D /* Debug */,
				C70DAADE29CF38B700C2A43D /* Release */,
			);
			defaultConfigurationIsVisible = 0;
			defaultConfigurationName = Release;
		};
		C70DAADF29CF38B700C2A43D /* Build configuration list for PBXNativeTarget "RM" */ = {
			isa = XCConfigurationList;
			buildConfigurations = (
				C70DAAE029CF38B700C2A43D /* Debug */,
				C70DAAE129CF38B700C2A43D /* Release */,
			);
			defaultConfigurationIsVisible = 0;
			defaultConfigurationName = Release;
		};
		C70DAAE229CF38B700C2A43D /* Build configuration list for PBXNativeTarget "RMTests" */ = {
			isa = XCConfigurationList;
			buildConfigurations = (
				C70DAAE329CF38B700C2A43D /* Debug */,
				C70DAAE429CF38B700C2A43D /* Release */,
			);
			defaultConfigurationIsVisible = 0;
			defaultConfigurationName = Release;
		};
		C70DAAE529CF38B700C2A43D /* Build configuration list for PBXNativeTarget "RMUITests" */ = {
			isa = XCConfigurationList;
			buildConfigurations = (
				C70DAAE629CF38B700C2A43D /* Debug */,
				C70DAAE729CF38B700C2A43D /* Release */,
			);
			defaultConfigurationIsVisible = 0;
			defaultConfigurationName = Release;
		};
/* End XCConfigurationList section */
	};
	rootObject = C70DAAAD29CF38B400C2A43D /* Project object */;
}
